{
  "originHash" : "6238b553a954725cb35c971e32169a4edb937c7ee34d7b3fae840e7545e72d86",
  "pins" : [
    {
      "identity" : "capacitor-swift-pm",
      "kind" : "remoteSourceControl",
      "location" : "https://github.com/ionic-team/capacitor-swift-pm.git",
      "state" : {
        "revision" : "0e862e6ff13852a710c8a484180ca4d6a2cc9761",
        "version" : "8.2.0"
      }
    },
    {
      "identity" : "osinappbrowserlib-ios",
      "kind" : "remoteSourceControl",
      "location" : "https://github.com/OutSystems/OSInAppBrowserLib-iOS.git",
      "state" : {
        "revision" : "dba78d3eb49df762896aaa527f2a2581f9066c8f",
        "version" : "2.3.2"
      }
    }
  ],
  "version" : 3
}
